
Microsoft Visual Studio Solution File, Format Version 12.00
# Visual Studio Version 17
VisualStudioVersion = 17.10.35013.160
MinimumVisualStudioVersion = 10.0.40219.1
Project("{FAE04EC0-301F-11D3-BF4B-00C04F79EFBC}") = "Domain", "Domain\Domain.csproj", "{D6775A25-8A1E-43CC-8DE4-E2A752630690}"
EndProject
Project("{FAE04EC0-301F-11D3-BF4B-00C04F79EFBC}") = "Data", "Data\Data.csproj", "{83698307-A515-42D4-896F-39E8A9613EB5}"
EndProject
Project("{FAE04EC0-301F-11D3-BF4B-00C04F79EFBC}") = "Presentation", "Presentation\Presentation.csproj", "{0C763377-13F9-4D7C-8605-F319EAF0E38F}"
EndProject
Global
	GlobalSection(SolutionConfigurationPlatforms) = preSolution
		Debug|Any CPU = Debug|Any CPU
		Release|Any CPU = Release|Any CPU
	EndGlobalSection
	GlobalSection(ProjectConfigurationPlatforms) = postSolution
		{D6775A25-8A1E-43CC-8DE4-E2A752630690}.Debug|Any CPU.ActiveCfg = Debug|Any CPU
		{D6775A25-8A1E-43CC-8DE4-E2A752630690}.Debug|Any CPU.Build.0 = Debug|Any CPU
		{D6775A25-8A1E-43CC-8DE4-E2A752630690}.Release|Any CPU.ActiveCfg = Release|Any CPU
		{D6775A25-8A1E-43CC-8DE4-E2A752630690}.Release|Any CPU.Build.0 = Release|Any CPU
		{83698307-A515-42D4-896F-39E8A9613EB5}.Debug|Any CPU.ActiveCfg = Debug|Any CPU
		{83698307-A515-42D4-896F-39E8A9613EB5}.Debug|Any CPU.Build.0 = Debug|Any CPU
		{83698307-A515-42D4-896F-39E8A9613EB5}.Release|Any CPU.ActiveCfg = Release|Any CPU
		{83698307-A515-42D4-896F-39E8A9613EB5}.Release|Any CPU.Build.0 = Release|Any CPU
		{0C763377-13F9-4D7C-8605-F319EAF0E38F}.Debug|Any CPU.ActiveCfg = Debug|Any CPU
		{0C763377-13F9-4D7C-8605-F319EAF0E38F}.Debug|Any CPU.Build.0 = Debug|Any CPU
		{0C763377-13F9-4D7C-8605-F319EAF0E38F}.Release|Any CPU.ActiveCfg = Release|Any CPU
		{0C763377-13F9-4D7C-8605-F319EAF0E38F}.Release|Any CPU.Build.0 = Release|Any CPU
	EndGlobalSection
	GlobalSection(SolutionProperties) = preSolution
		HideSolutionNode = FALSE
	EndGlobalSection
	GlobalSection(ExtensibilityGlobals) = postSolution
		SolutionGuid = {1129C723-3371-4084-8093-D6A38B31CDA7}
	EndGlobalSection
EndGlobal
